
Microsoft Visual Studio Solution File, Format Version 12.00
# Visual Studio Version 17
VisualStudioVersion = 17.14.36511.14 d17.14
MinimumVisualStudioVersion = 10.0.40219.1
Project("{FAE04EC0-301F-11D3-BF4B-00C04F79EFBC}") = "MauiShopMVVMExample", "MauiShopMVVMExample\MauiShopMVVMExample.csproj", "{7BCA1EC0-BB0D-4655-97B6-02FDB3296FF7}"
EndProject
Global
	GlobalSection(SolutionConfigurationPlatforms) = preSolution
		Debug|Any CPU = Debug|Any CPU
		Release|Any CPU = Release|Any CPU
	EndGlobalSection
	GlobalSection(ProjectConfigurationPlatforms) = postSolution
		{7BCA1EC0-BB0D-4655-97B6-02FDB3296FF7}.Debug|Any CPU.ActiveCfg = Debug|Any CPU
		{7BCA1EC0-BB0D-4655-97B6-02FDB3296FF7}.Debug|Any CPU.Build.0 = Debug|Any CPU
		{7BCA1EC0-BB0D-4655-97B6-02FDB3296FF7}.Debug|Any CPU.Deploy.0 = Debug|Any CPU
		{7BCA1EC0-BB0D-4655-97B6-02FDB3296FF7}.Release|Any CPU.ActiveCfg = Release|Any CPU
		{7BCA1EC0-BB0D-4655-97B6-02FDB3296FF7}.Release|Any CPU.Build.0 = Release|Any CPU
		{7BCA1EC0-BB0D-4655-97B6-02FDB3296FF7}.Release|Any CPU.Deploy.0 = Release|Any CPU
	EndGlobalSection
	GlobalSection(SolutionProperties) = preSolution
		HideSolutionNode = FALSE
	EndGlobalSection
	GlobalSection(ExtensibilityGlobals) = postSolution
		SolutionGuid = {A3FBD265-10D8-49E1-8577-E0B86F327C1C}
	EndGlobalSection
EndGlobal
